// !$*UTF8*$!
{
	archiveVersion = 1;
	classes = {
	};
	objectVersion = 77;
	objects = {

/* Begin PBXBuildFile section */
		CE35FEC92DE2B2BB004D8104 /* Cocoa.framework in Frameworks */ = {isa = PBXBuildFile; fileRef = CE35FEC82DE2B2BB004D8104 /* Cocoa.framework */; };
		CE35FED52DE2B2BB004D8104 /* EditorJumperForXcode.appex in Embed Foundation Extensions */ = {isa = PBXBuildFile; fileRef = CE35FEC62DE2B2BB004D8104 /* EditorJumperForXcode.appex */; settings = {ATTRIBUTES = (RemoveHeadersOnCopy, ); }; };
		CE35FEDB2DE2B321004D8104 /* XcodeKit.framework in Frameworks */ = {isa = PBXBuildFile; fileRef = CE35FECA2DE2B2BB004D8104 /* XcodeKit.framework */; };
		CE35FEDC2DE2B321004D8104 /* XcodeKit.framework in Embed Frameworks */ = {isa = PBXBuildFile; fileRef = CE35FECA2DE2B2BB004D8104 /* XcodeKit.framework */; settings = {ATTRIBUTES = (CodeSignOnCopy, RemoveHeadersOnCopy, ); }; };
		CEC190932DE47B7C00B98F51 /* EditorJumperForXcodeXPCService.xpc in Embed XPC Services */ = {isa = PBXBuildFile; fileRef = CE35FEE22DE2BD14004D8104 /* EditorJumperForXcodeXPCService.xpc */; settings = {ATTRIBUTES = (RemoveHeadersOnCopy, ); }; };
/* End PBXBuildFile section */

/* Begin PBXContainerItemProxy section */
		CE35FED32DE2B2BB004D8104 /* PBXContainerItemProxy */ = {
			isa = PBXContainerItemProxy;
			containerPortal = CE35FE652DE06DA8004D8104 /* Project object */;
			proxyType = 1;
			remoteGlobalIDString = CE35FEC52DE2B2BB004D8104;
			remoteInfo = EditorJumperForXcode;
		};
		CE35FEFA2DE2C153004D8104 /* PBXContainerItemProxy */ = {
			isa = PBXContainerItemProxy;
			containerPortal = CE35FE652DE06DA8004D8104 /* Project object */;
			proxyType = 1;
			remoteGlobalIDString = CE35FEE12DE2BD14004D8104;
			remoteInfo = EditorJumperForXcodeXPCService;
		};
		CE76BD222DE3F9CC009B6226 /* PBXContainerItemProxy */ = {
			isa = PBXContainerItemProxy;
			containerPortal = CE35FE652DE06DA8004D8104 /* Project object */;
			proxyType = 1;
			remoteGlobalIDString = CE35FEE12DE2BD14004D8104;
			remoteInfo = EditorJumperForXcodeXPCService;
		};
		CEC190942DE47B7C00B98F51 /* PBXContainerItemProxy */ = {
			isa = PBXContainerItemProxy;
			containerPortal = CE35FE652DE06DA8004D8104 /* Project object */;
			proxyType = 1;
			remoteGlobalIDString = CE35FEE12DE2BD14004D8104;
			remoteInfo = EditorJumperForXcodeXPCService;
		};
/* End PBXContainerItemProxy section */

/* Begin PBXCopyFilesBuildPhase section */
		CE35FED62DE2B2BB004D8104 /* Embed Foundation Extensions */ = {
			isa = PBXCopyFilesBuildPhase;
			buildActionMask = 2147483647;
			dstPath = "";
			dstSubfolderSpec = 13;
			files = (
				CE35FED52DE2B2BB004D8104 /* EditorJumperForXcode.appex in Embed Foundation Extensions */,
			);
			name = "Embed Foundation Extensions";
			runOnlyForDeploymentPostprocessing = 0;
		};
		CE35FEDD2DE2B321004D8104 /* Embed Frameworks */ = {
			isa = PBXCopyFilesBuildPhase;
			buildActionMask = 2147483647;
			dstPath = "";
			dstSubfolderSpec = 10;
			files = (
				CE35FEDC2DE2B321004D8104 /* XcodeKit.framework in Embed Frameworks */,
			);
			name = "Embed Frameworks";
			runOnlyForDeploymentPostprocessing = 0;
		};
		CEC190962DE47B7C00B98F51 /* Embed XPC Services */ = {
			isa = PBXCopyFilesBuildPhase;
			buildActionMask = 2147483647;
			dstPath = "$(CONTENTS_FOLDER_PATH)/XPCServices";
			dstSubfolderSpec = 16;
			files = (
				CEC190932DE47B7C00B98F51 /* EditorJumperForXcodeXPCService.xpc in Embed XPC Services */,
			);
			name = "Embed XPC Services";
			runOnlyForDeploymentPostprocessing = 0;
		};
/* End PBXCopyFilesBuildPhase section */

/* Begin PBXFileReference section */
		464B72682DE47125009E4CE3 /* EditorJumperForXcodeXPCService.xpc */ = {isa = PBXFileReference; lastKnownFileType = "wrapper.xpc-service"; name = EditorJumperForXcodeXPCService.xpc; path = "../../../Library/Developer/Xcode/DerivedData/EditorJumper-X-dqjdinrkbuxzjzgekhglucmesorn/Build/Products/Release/EditorJumperForXcodeXPCService.xpc"; sourceTree = "<group>"; };
		CE35FE6D2DE06DA8004D8104 /* EditorJumper-X.app */ = {isa = PBXFileReference; explicitFileType = wrapper.application; includeInIndex = 0; path = "EditorJumper-X.app"; sourceTree = BUILT_PRODUCTS_DIR; };
		CE35FEC62DE2B2BB004D8104 /* EditorJumperForXcode.appex */ = {isa = PBXFileReference; explicitFileType = "wrapper.app-extension"; includeInIndex = 0; path = EditorJumperForXcode.appex; sourceTree = BUILT_PRODUCTS_DIR; };
		CE35FEC82DE2B2BB004D8104 /* Cocoa.framework */ = {isa = PBXFileReference; lastKnownFileType = wrapper.framework; name = Cocoa.framework; path = System/Library/Frameworks/Cocoa.framework; sourceTree = SDKROOT; };
		CE35FECA2DE2B2BB004D8104 /* XcodeKit.framework */ = {isa = PBXFileReference; lastKnownFileType = wrapper.framework; name = XcodeKit.framework; path = Library/Frameworks/XcodeKit.framework; sourceTree = DEVELOPER_DIR; };
		CE35FEE22DE2BD14004D8104 /* EditorJumperForXcodeXPCService.xpc */ = {isa = PBXFileReference; explicitFileType = "wrapper.xpc-service"; includeInIndex = 0; path = EditorJumperForXcodeXPCService.xpc; sourceTree = BUILT_PRODUCTS_DIR; };
/* End PBXFileReference section */

/* Begin PBXFileSystemSynchronizedBuildFileExceptionSet section */
		CE25AE2F2DE2F98500FA3911 /* Exceptions for "EditorJumper-X" folder in "EditorJumper-X" target */ = {
			isa = PBXFileSystemSynchronizedBuildFileExceptionSet;
			membershipExceptions = (
				Info.plist,
			);
			target = CE35FE6C2DE06DA8004D8104 /* EditorJumper-X */;
		};
		CE35FED92DE2B2BB004D8104 /* Exceptions for "EditorJumperForXcode" folder in "EditorJumperForXcode" target */ = {
			isa = PBXFileSystemSynchronizedBuildFileExceptionSet;
			membershipExceptions = (
				Info.plist,
			);
			target = CE35FEC52DE2B2BB004D8104 /* EditorJumperForXcode */;
		};
		CE35FEEF2DE2BD14004D8104 /* Exceptions for "EditorJumperForXcodeXPCService" folder in "EditorJumperForXcodeXPCService" target */ = {
			isa = PBXFileSystemSynchronizedBuildFileExceptionSet;
			membershipExceptions = (
				Info.plist,
			);
			target = CE35FEE12DE2BD14004D8104 /* EditorJumperForXcodeXPCService */;
		};
/* End PBXFileSystemSynchronizedBuildFileExceptionSet section */

/* Begin PBXFileSystemSynchronizedRootGroup section */
		CE35FE6F2DE06DA8004D8104 /* EditorJumper-X */ = {
			isa = PBXFileSystemSynchronizedRootGroup;
			exceptions = (
				CE25AE2F2DE2F98500FA3911 /* Exceptions for "EditorJumper-X" folder in "EditorJumper-X" target */,
			);
			path = "EditorJumper-X";
			sourceTree = "<group>";
		};
		CE35FECC2DE2B2BB004D8104 /* EditorJumperForXcode */ = {
			isa = PBXFileSystemSynchronizedRootGroup;
			exceptions = (
				CE35FED92DE2B2BB004D8104 /* Exceptions for "EditorJumperForXcode" folder in "EditorJumperForXcode" target */,
			);
			path = EditorJumperForXcode;
			sourceTree = "<group>";
		};
		CE35FEE32DE2BD14004D8104 /* EditorJumperForXcodeXPCService */ = {
			isa = PBXFileSystemSynchronizedRootGroup;
			exceptions = (
				CE35FEEF2DE2BD14004D8104 /* Exceptions for "EditorJumperForXcodeXPCService" folder in "EditorJumperForXcodeXPCService" target */,
			);
			path = EditorJumperForXcodeXPCService;
			sourceTree = "<group>";
		};
/* End PBXFileSystemSynchronizedRootGroup section */

/* Begin PBXFrameworksBuildPhase section */
		CE35FE6A2DE06DA8004D8104 /* Frameworks */ = {
			isa = PBXFrameworksBuildPhase;
			buildActionMask = 2147483647;
			files = (
			);
			runOnlyForDeploymentPostprocessing = 0;
		};
		CE35FEC32DE2B2BB004D8104 /* Frameworks */ = {
			isa = PBXFrameworksBuildPhase;
			buildActionMask = 2147483647;
			files = (
				CE35FEC92DE2B2BB004D8104 /* Cocoa.framework in Frameworks */,
				CE35FEDB2DE2B321004D8104 /* XcodeKit.framework in Frameworks */,
			);
			runOnlyForDeploymentPostprocessing = 0;
		};
		CE35FEDF2DE2BD14004D8104 /* Frameworks */ = {
			isa = PBXFrameworksBuildPhase;
			buildActionMask = 2147483647;
			files = (
			);
			runOnlyForDeploymentPostprocessing = 0;
		};
/* End PBXFrameworksBuildPhase section */

/* Begin PBXGroup section */
		CE35FE642DE06DA8004D8104 = {
			isa = PBXGroup;
			children = (
				CE35FE6F2DE06DA8004D8104 /* EditorJumper-X */,
				CE35FECC2DE2B2BB004D8104 /* EditorJumperForXcode */,
				CE35FEE32DE2BD14004D8104 /* EditorJumperForXcodeXPCService */,
				CE35FEC72DE2B2BB004D8104 /* Frameworks */,
				CE35FE6E2DE06DA8004D8104 /* Products */,
			);
			sourceTree = "<group>";
		};
		CE35FE6E2DE06DA8004D8104 /* Products */ = {
			isa = PBXGroup;
			children = (
				CE35FE6D2DE06DA8004D8104 /* EditorJumper-X.app */,
				CE35FEC62DE2B2BB004D8104 /* EditorJumperForXcode.appex */,
				CE35FEE22DE2BD14004D8104 /* EditorJumperForXcodeXPCService.xpc */,
			);
			name = Products;
			sourceTree = "<group>";
		};
		CE35FEC72DE2B2BB004D8104 /* Frameworks */ = {
			isa = PBXGroup;
			children = (
				464B72682DE47125009E4CE3 /* EditorJumperForXcodeXPCService.xpc */,
				CE35FEC82DE2B2BB004D8104 /* Cocoa.framework */,
				CE35FECA2DE2B2BB004D8104 /* XcodeKit.framework */,
			);
			name = Frameworks;
			sourceTree = "<group>";
		};
/* End PBXGroup section */

/* Begin PBXNativeTarget section */
		CE35FE6C2DE06DA8004D8104 /* EditorJumper-X */ = {
			isa = PBXNativeTarget;
			buildConfigurationList = CE35FE792DE06DA9004D8104 /* Build configuration list for PBXNativeTarget "EditorJumper-X" */;
			buildPhases = (
				CE35FE692DE06DA8004D8104 /* Sources */,
				CE35FE6A2DE06DA8004D8104 /* Frameworks */,
				CE35FE6B2DE06DA8004D8104 /* Resources */,
				CE35FED62DE2B2BB004D8104 /* Embed Foundation Extensions */,
			);
			buildRules = (
			);
			dependencies = (
				CE35FED42DE2B2BB004D8104 /* PBXTargetDependency */,
			);
			fileSystemSynchronizedGroups = (
				CE35FE6F2DE06DA8004D8104 /* EditorJumper-X */,
			);
			name = "EditorJumper-X";
			packageProductDependencies = (
			);
			productName = "EditorJumper-X";
			productReference = CE35FE6D2DE06DA8004D8104 /* EditorJumper-X.app */;
			productType = "com.apple.product-type.application";
		};
		CE35FEC52DE2B2BB004D8104 /* EditorJumperForXcode */ = {
			isa = PBXNativeTarget;
			buildConfigurationList = CE35FEDA2DE2B2BB004D8104 /* Build configuration list for PBXNativeTarget "EditorJumperForXcode" */;
			buildPhases = (
				CE35FEC22DE2B2BB004D8104 /* Sources */,
				CE35FEC32DE2B2BB004D8104 /* Frameworks */,
				CE35FEC42DE2B2BB004D8104 /* Resources */,
				CE35FEDD2DE2B321004D8104 /* Embed Frameworks */,
				CEC190962DE47B7C00B98F51 /* Embed XPC Services */,
			);
			buildRules = (
			);
			dependencies = (
				CE35FEFB2DE2C153004D8104 /* PBXTargetDependency */,
				CE76BD232DE3F9CC009B6226 /* PBXTargetDependency */,
				CEC190952DE47B7C00B98F51 /* PBXTargetDependency */,
			);
			fileSystemSynchronizedGroups = (
				CE35FECC2DE2B2BB004D8104 /* EditorJumperForXcode */,
			);
			name = EditorJumperForXcode;
			packageProductDependencies = (
			);
			productName = EditorJumperForXcode;
			productReference = CE35FEC62DE2B2BB004D8104 /* EditorJumperForXcode.appex */;
			productType = "com.apple.product-type.xcode-extension";
		};
		CE35FEE12DE2BD14004D8104 /* EditorJumperForXcodeXPCService */ = {
			isa = PBXNativeTarget;
			buildConfigurationList = CE35FEF02DE2BD14004D8104 /* Build configuration list for PBXNativeTarget "EditorJumperForXcodeXPCService" */;
			buildPhases = (
				CE35FEDE2DE2BD14004D8104 /* Sources */,
				CE35FEDF2DE2BD14004D8104 /* Frameworks */,
				CE35FEE02DE2BD14004D8104 /* Resources */,
			);
			buildRules = (
			);
			dependencies = (
			);
			fileSystemSynchronizedGroups = (
				CE35FEE32DE2BD14004D8104 /* EditorJumperForXcodeXPCService */,
			);
			name = EditorJumperForXcodeXPCService;
			packageProductDependencies = (
			);
			productName = EditorJumperForXcodeXPCService;
			productReference = CE35FEE22DE2BD14004D8104 /* EditorJumperForXcodeXPCService.xpc */;
			productType = "com.apple.product-type.xpc-service";
		};
/* End PBXNativeTarget section */

/* Begin PBXProject section */
		CE35FE652DE06DA8004D8104 /* Project object */ = {
			isa = PBXProject;
			attributes = {
				BuildIndependentTargetsInParallel = 1;
				LastSwiftUpdateCheck = 1630;
				LastUpgradeCheck = 1630;
				TargetAttributes = {
					CE35FE6C2DE06DA8004D8104 = {
						CreatedOnToolsVersion = 16.3;
					};
					CE35FEC52DE2B2BB004D8104 = {
						CreatedOnToolsVersion = 16.3;
					};
					CE35FEE12DE2BD14004D8104 = {
						CreatedOnToolsVersion = 16.3;
					};
				};
			};
			buildConfigurationList = CE35FE682DE06DA8004D8104 /* Build configuration list for PBXProject "EditorJumper-X" */;
			developmentRegion = en;
			hasScannedForEncodings = 0;
			knownRegions = (
				en,
				Base,
			);
			mainGroup = CE35FE642DE06DA8004D8104;
			minimizedProjectReferenceProxies = 1;
			preferredProjectObjectVersion = 77;
			productRefGroup = CE35FE6E2DE06DA8004D8104 /* Products */;
			projectDirPath = "";
			projectRoot = "";
			targets = (
				CE35FE6C2DE06DA8004D8104 /* EditorJumper-X */,
				CE35FEE12DE2BD14004D8104 /* EditorJumperForXcodeXPCService */,
				CE35FEC52DE2B2BB004D8104 /* EditorJumperForXcode */,
			);
		};
/* End PBXProject section */

/* Begin PBXResourcesBuildPhase section */
		CE35FE6B2DE06DA8004D8104 /* Resources */ = {
			isa = PBXResourcesBuildPhase;
			buildActionMask = 2147483647;
			files = (
			);
			runOnlyForDeploymentPostprocessing = 0;
		};
		CE35FEC42DE2B2BB004D8104 /* Resources */ = {
			isa = PBXResourcesBuildPhase;
			buildActionMask = 2147483647;
			files = (
			);
			runOnlyForDeploymentPostprocessing = 0;
		};
		CE35FEE02DE2BD14004D8104 /* Resources */ = {
			isa = PBXResourcesBuildPhase;
			buildActionMask = 2147483647;
			files = (
			);
			runOnlyForDeploymentPostprocessing = 0;
		};
/* End PBXResourcesBuildPhase section */

/* Begin PBXSourcesBuildPhase section */
		CE35FE692DE06DA8004D8104 /* Sources */ = {
			isa = PBXSourcesBuildPhase;
			buildActionMask = 2147483647;
			files = (
			);
			runOnlyForDeploymentPostprocessing = 0;
		};
		CE35FEC22DE2B2BB004D8104 /* Sources */ = {
			isa = PBXSourcesBuildPhase;
			buildActionMask = 2147483647;
			files = (
			);
			runOnlyForDeploymentPostprocessing = 0;
		};
		CE35FEDE2DE2BD14004D8104 /* Sources */ = {
			isa = PBXSourcesBuildPhase;
			buildActionMask = 2147483647;
			files = (
			);
			runOnlyForDeploymentPostprocessing = 0;
		};
/* End PBXSourcesBuildPhase section */

/* Begin PBXTargetDependency section */
		CE35FED42DE2B2BB004D8104 /* PBXTargetDependency */ = {
			isa = PBXTargetDependency;
			target = CE35FEC52DE2B2BB004D8104 /* EditorJumperForXcode */;
			targetProxy = CE35FED32DE2B2BB004D8104 /* PBXContainerItemProxy */;
		};
		CE35FEFB2DE2C153004D8104 /* PBXTargetDependency */ = {
			isa = PBXTargetDependency;
			target = CE35FEE12DE2BD14004D8104 /* EditorJumperForXcodeXPCService */;
			targetProxy = CE35FEFA2DE2C153004D8104 /* PBXContainerItemProxy */;
		};
		CE76BD232DE3F9CC009B6226 /* PBXTargetDependency */ = {
			isa = PBXTargetDependency;
			target = CE35FEE12DE2BD14004D8104 /* EditorJumperForXcodeXPCService */;
			targetProxy = CE76BD222DE3F9CC009B6226 /* PBXContainerItemProxy */;
		};
		CEC190952DE47B7C00B98F51 /* PBXTargetDependency */ = {
			isa = PBXTargetDependency;
			target = CE35FEE12DE2BD14004D8104 /* EditorJumperForXcodeXPCService */;
			targetProxy = CEC190942DE47B7C00B98F51 /* PBXContainerItemProxy */;
		};
/* End PBXTargetDependency section */

/* Begin XCBuildConfiguration section */
		CE35FE772DE06DA9004D8104 /* Debug */ = {
			isa = XCBuildConfiguration;
			buildSettings = {
				ALWAYS_SEARCH_USER_PATHS = NO;
				ARCHS = "$(ARCHS_STANDARD)";
				ASSETCATALOG_COMPILER_GENERATE_SWIFT_ASSET_SYMBOL_EXTENSIONS = YES;
				CLANG_ANALYZER_NONNULL = YES;
				CLANG_ANALYZER_NUMBER_OBJECT_CONVERSION = YES_AGGRESSIVE;
				CLANG_CXX_LANGUAGE_STANDARD = "gnu++20";
				CLANG_ENABLE_MODULES = YES;
				CLANG_ENABLE_OBJC_ARC = YES;
				CLANG_ENABLE_OBJC_WEAK = YES;
				CLANG_WARN_BLOCK_CAPTURE_AUTORELEASING = YES;
				CLANG_WARN_BOOL_CONVERSION = YES;
				CLANG_WARN_COMMA = YES;
				CLANG_WARN_CONSTANT_CONVERSION = YES;
				CLANG_WARN_DEPRECATED_OBJC_IMPLEMENTATIONS = YES;
				CLANG_WARN_DIRECT_OBJC_ISA_USAGE = YES_ERROR;
				CLANG_WARN_DOCUMENTATION_COMMENTS = YES;
				CLANG_WARN_EMPTY_BODY = YES;
				CLANG_WARN_ENUM_CONVERSION = YES;
				CLANG_WARN_INFINITE_RECURSION = YES;
				CLANG_WARN_INT_CONVERSION = YES;
				CLANG_WARN_NON_LITERAL_NULL_CONVERSION = YES;
				CLANG_WARN_OBJC_IMPLICIT_RETAIN_SELF = YES;
				CLANG_WARN_OBJC_LITERAL_CONVERSION = YES;
				CLANG_WARN_OBJC_ROOT_CLASS = YES_ERROR;
				CLANG_WARN_QUOTED_INCLUDE_IN_FRAMEWORK_HEADER = YES;
				CLANG_WARN_RANGE_LOOP_ANALYSIS = YES;
				CLANG_WARN_STRICT_PROTOTYPES = YES;
				CLANG_WARN_SUSPICIOUS_MOVE = YES;
				CLANG_WARN_UNGUARDED_AVAILABILITY = YES_AGGRESSIVE;
				CLANG_WARN_UNREACHABLE_CODE = YES;
				CLANG_WARN__DUPLICATE_METHOD_MATCH = YES;
				COPY_PHASE_STRIP = NO;
				DEBUG_INFORMATION_FORMAT = dwarf;
				ENABLE_STRICT_OBJC_MSGSEND = YES;
				ENABLE_TESTABILITY = YES;
				ENABLE_USER_SCRIPT_SANDBOXING = YES;
				GCC_C_LANGUAGE_STANDARD = gnu17;
				GCC_DYNAMIC_NO_PIC = NO;
				GCC_NO_COMMON_BLOCKS = YES;
				GCC_OPTIMIZATION_LEVEL = 0;
				GCC_PREPROCESSOR_DEFINITIONS = (
					"DEBUG=1",
					"$(inherited)",
				);
				GCC_WARN_64_TO_32_BIT_CONVERSION = YES;
				GCC_WARN_ABOUT_RETURN_TYPE = YES_ERROR;
				GCC_WARN_UNDECLARED_SELECTOR = YES;
				GCC_WARN_UNINITIALIZED_AUTOS = YES_AGGRESSIVE;
				GCC_WARN_UNUSED_FUNCTION = YES;
				GCC_WARN_UNUSED_VARIABLE = YES;
				LOCALIZATION_PREFERS_STRING_CATALOGS = YES;
				MACOSX_DEPLOYMENT_TARGET = 15.4;
				MTL_ENABLE_DEBUG_INFO = INCLUDE_SOURCE;
				MTL_FAST_MATH = YES;
				ONLY_ACTIVE_ARCH = YES;
				SDKROOT = macosx;
				SWIFT_ACTIVE_COMPILATION_CONDITIONS = "DEBUG $(inherited)";
				SWIFT_OPTIMIZATION_LEVEL = "-Onone";
			};
			name = Debug;
		};
		CE35FE782DE06DA9004D8104 /* Release */ = {
			isa = XCBuildConfiguration;
			buildSettings = {
				ALWAYS_SEARCH_USER_PATHS = NO;
				ARCHS = "$(ARCHS_STANDARD)";
				ASSETCATALOG_COMPILER_GENERATE_SWIFT_ASSET_SYMBOL_EXTENSIONS = YES;
				CLANG_ANALYZER_NONNULL = YES;
				CLANG_ANALYZER_NUMBER_OBJECT_CONVERSION = YES_AGGRESSIVE;
				CLANG_CXX_LANGUAGE_STANDARD = "gnu++20";
				CLANG_ENABLE_MODULES = YES;
				CLANG_ENABLE_OBJC_ARC = YES;
				CLANG_ENABLE_OBJC_WEAK = YES;
				CLANG_WARN_BLOCK_CAPTURE_AUTORELEASING = YES;
				CLANG_WARN_BOOL_CONVERSION = YES;
				CLANG_WARN_COMMA = YES;
				CLANG_WARN_CONSTANT_CONVERSION = YES;
				CLANG_WARN_DEPRECATED_OBJC_IMPLEMENTATIONS = YES;
				CLANG_WARN_DIRECT_OBJC_ISA_USAGE = YES_ERROR;
				CLANG_WARN_DOCUMENTATION_COMMENTS = YES;
				CLANG_WARN_EMPTY_BODY = YES;
				CLANG_WARN_ENUM_CONVERSION = YES;
				CLANG_WARN_INFINITE_RECURSION = YES;
				CLANG_WARN_INT_CONVERSION = YES;
				CLANG_WARN_NON_LITERAL_NULL_CONVERSION = YES;
				CLANG_WARN_OBJC_IMPLICIT_RETAIN_SELF = YES;
				CLANG_WARN_OBJC_LITERAL_CONVERSION = YES;
				CLANG_WARN_OBJC_ROOT_CLASS = YES_ERROR;
				CLANG_WARN_QUOTED_INCLUDE_IN_FRAMEWORK_HEADER = YES;
				CLANG_WARN_RANGE_LOOP_ANALYSIS = YES;
				CLANG_WARN_STRICT_PROTOTYPES = YES;
				CLANG_WARN_SUSPICIOUS_MOVE = YES;
				CLANG_WARN_UNGUARDED_AVAILABILITY = YES_AGGRESSIVE;
				CLANG_WARN_UNREACHABLE_CODE = YES;
				CLANG_WARN__DUPLICATE_METHOD_MATCH = YES;
				COPY_PHASE_STRIP = NO;
				DEBUG_INFORMATION_FORMAT = "dwarf-with-dsym";
				ENABLE_NS_ASSERTIONS = NO;
				ENABLE_STRICT_OBJC_MSGSEND = YES;
				ENABLE_USER_SCRIPT_SANDBOXING = YES;
				GCC_C_LANGUAGE_STANDARD = gnu17;
				GCC_NO_COMMON_BLOCKS = YES;
				GCC_WARN_64_TO_32_BIT_CONVERSION = YES;
				GCC_WARN_ABOUT_RETURN_TYPE = YES_ERROR;
				GCC_WARN_UNDECLARED_SELECTOR = YES;
				GCC_WARN_UNINITIALIZED_AUTOS = YES_AGGRESSIVE;
				GCC_WARN_UNUSED_FUNCTION = YES;
				GCC_WARN_UNUSED_VARIABLE = YES;
				LOCALIZATION_PREFERS_STRING_CATALOGS = YES;
				MACOSX_DEPLOYMENT_TARGET = 15.4;
				MTL_ENABLE_DEBUG_INFO = NO;
				MTL_FAST_MATH = YES;
				ONLY_ACTIVE_ARCH = NO;
				SDKROOT = macosx;
				SWIFT_COMPILATION_MODE = wholemodule;
			};
			name = Release;
		};
		CE35FE7A2DE06DA9004D8104 /* Debug */ = {
			isa = XCBuildConfiguration;
			buildSettings = {
				ARCHS = "$(ARCHS_STANDARD)";
				ASSETCATALOG_COMPILER_APPICON_NAME = AppIcon;
				ASSETCATALOG_COMPILER_GLOBAL_ACCENT_COLOR_NAME = AccentColor;
				CODE_SIGN_ENTITLEMENTS = "EditorJumper-X/EditorJumper_X.entitlements";
				CODE_SIGN_IDENTITY = "Apple Development";
				CODE_SIGN_STYLE = Automatic;
				COMBINE_HIDPI_IMAGES = YES;
				CURRENT_PROJECT_VERSION = 1;
				DEVELOPMENT_TEAM = QRBH27G89X;
				ENABLE_PREVIEWS = YES;
				GENERATE_INFOPLIST_FILE = YES;
				INFOPLIST_FILE = "EditorJumper-X/Info.plist";
				INFOPLIST_KEY_CFBundleDisplayName = "Editor Jumper for Xcode";
				INFOPLIST_KEY_LSApplicationCategoryType = "public.app-category.utilities";
				INFOPLIST_KEY_NSAppleEventsUsageDescription = "This app needs to send Apple Events to Xcode to retrieve the current file path and interact with the editor.";
				LD_RUNPATH_SEARCH_PATHS = (
					"$(inherited)",
					"@executable_path/../Frameworks",
				);
				MACOSX_DEPLOYMENT_TARGET = 12.4;
				MARKETING_VERSION = 1.0;
				PRODUCT_BUNDLE_IDENTIFIER = "com.haroldgao.EditorJumper-X";
				PRODUCT_NAME = "$(TARGET_NAME)";
				PROVISIONING_PROFILE_SPECIFIER = "";
				REGISTER_APP_GROUPS = YES;
				SWIFT_EMIT_LOC_STRINGS = YES;
				SWIFT_VERSION = 5.0;
			};
			name = Debug;
		};
		CE35FE7B2DE06DA9004D8104 /* Release */ = {
			isa = XCBuildConfiguration;
			buildSettings = {
				ARCHS = "$(ARCHS_STANDARD)";
				ASSETCATALOG_COMPILER_APPICON_NAME = AppIcon;
				ASSETCATALOG_COMPILER_GLOBAL_ACCENT_COLOR_NAME = AccentColor;
				CODE_SIGN_ENTITLEMENTS = "EditorJumper-X/EditorJumper-XRelease.entitlements";
				CODE_SIGN_IDENTITY = "Apple Development";
				"CODE_SIGN_IDENTITY[sdk=macosx*]" = "Developer ID Application";
				CODE_SIGN_STYLE = Manual;
				COMBINE_HIDPI_IMAGES = YES;
				CURRENT_PROJECT_VERSION = 1;
				DEVELOPMENT_TEAM = "";
				"DEVELOPMENT_TEAM[sdk=macosx*]" = QRBH27G89X;
				ENABLE_PREVIEWS = YES;
				GENERATE_INFOPLIST_FILE = YES;
				INFOPLIST_FILE = "EditorJumper-X/Info.plist";
				INFOPLIST_KEY_CFBundleDisplayName = "Editor Jumper for Xcode";
				INFOPLIST_KEY_LSApplicationCategoryType = "public.app-category.utilities";
				INFOPLIST_KEY_NSAppleEventsUsageDescription = "This app needs to send Apple Events to Xcode to retrieve the current file path and interact with the editor.";
				LD_RUNPATH_SEARCH_PATHS = (
					"$(inherited)",
					"@executable_path/../Frameworks",
				);
				MACOSX_DEPLOYMENT_TARGET = 12.4;
				MARKETING_VERSION = 1.0;
				PRODUCT_BUNDLE_IDENTIFIER = "com.haroldgao.EditorJumper-X";
				PRODUCT_NAME = "$(TARGET_NAME)";
				PROVISIONING_PROFILE_SPECIFIER = "";
				"PROVISIONING_PROFILE_SPECIFIER[sdk=macosx*]" = "Editor Jumper for Xcode";
				REGISTER_APP_GROUPS = YES;
				SWIFT_EMIT_LOC_STRINGS = YES;
				SWIFT_VERSION = 5.0;
			};
			name = Release;
		};
		CE35FED72DE2B2BB004D8104 /* Debug */ = {
			isa = XCBuildConfiguration;
			buildSettings = {
				ARCHS = "$(ARCHS_STANDARD)";
				CODE_SIGN_ENTITLEMENTS = EditorJumperForXcode/EditorJumperForXcode.entitlements;
				CODE_SIGN_STYLE = Automatic;
				COMBINE_HIDPI_IMAGES = YES;
				CURRENT_PROJECT_VERSION = 2;
				DEVELOPMENT_TEAM = QRBH27G89X;
				GENERATE_INFOPLIST_FILE = YES;
				INFOPLIST_FILE = EditorJumperForXcode/Info.plist;
				INFOPLIST_KEY_CFBundleDisplayName = "Editor Jumper fox Xcode";
				INFOPLIST_KEY_NSHumanReadableCopyright = "";
				LD_RUNPATH_SEARCH_PATHS = (
					"$(inherited)",
					"@executable_path/../Frameworks",
					"@executable_path/../../../../Frameworks",
				);
				MARKETING_VERSION = 1.0;
				PRODUCT_BUNDLE_IDENTIFIER = "com.haroldgao.EditorJumper-X.EditorJumperForXcode";
				PRODUCT_NAME = "$(TARGET_NAME)";
				SKIP_INSTALL = YES;
				SWIFT_EMIT_LOC_STRINGS = YES;
				SWIFT_VERSION = 5.0;
			};
			name = Debug;
		};
		CE35FED82DE2B2BB004D8104 /* Release */ = {
			isa = XCBuildConfiguration;
			buildSettings = {
				ARCHS = "$(ARCHS_STANDARD)";
				CODE_SIGN_ENTITLEMENTS = EditorJumperForXcode/EditorJumperForXcode.entitlements;
				CODE_SIGN_IDENTITY = "Apple Development";
				"CODE_SIGN_IDENTITY[sdk=macosx*]" = "Developer ID Application";
				CODE_SIGN_STYLE = Manual;
				COMBINE_HIDPI_IMAGES = YES;
				CURRENT_PROJECT_VERSION = 2;
				DEVELOPMENT_TEAM = "";
				"DEVELOPMENT_TEAM[sdk=macosx*]" = QRBH27G89X;
				GENERATE_INFOPLIST_FILE = YES;
				INFOPLIST_FILE = EditorJumperForXcode/Info.plist;
				INFOPLIST_KEY_CFBundleDisplayName = "Editor Jumper fox Xcode";
				INFOPLIST_KEY_NSHumanReadableCopyright = "";
				LD_RUNPATH_SEARCH_PATHS = (
					"$(inherited)",
					"@executable_path/../Frameworks",
					"@executable_path/../../../../Frameworks",
				);
				MARKETING_VERSION = 1.0;
				PRODUCT_BUNDLE_IDENTIFIER = "com.haroldgao.EditorJumper-X.EditorJumperForXcode";
				PRODUCT_NAME = "$(TARGET_NAME)";
				PROVISIONING_PROFILE_SPECIFIER = "";
				"PROVISIONING_PROFILE_SPECIFIER[sdk=macosx*]" = "Editor Jumper forXcode - Ext";
				SKIP_INSTALL = YES;
				SWIFT_EMIT_LOC_STRINGS = YES;
				SWIFT_VERSION = 5.0;
			};
			name = Release;
		};
		CE35FEF12DE2BD14004D8104 /* Debug */ = {
			isa = XCBuildConfiguration;
			buildSettings = {
				ARCHS = "$(ARCHS_STANDARD)";
				CODE_SIGN_ENTITLEMENTS = EditorJumperForXcodeXPCService/EditorJumperForXcodeXPCService.entitlements;
				CODE_SIGN_STYLE = Automatic;
				COMBINE_HIDPI_IMAGES = YES;
				CURRENT_PROJECT_VERSION = 2;
				DEVELOPMENT_TEAM = QRBH27G89X;
				ENABLE_HARDENED_RUNTIME = NO;
				GENERATE_INFOPLIST_FILE = YES;
				INFOPLIST_FILE = EditorJumperForXcodeXPCService/Info.plist;
				INFOPLIST_KEY_CFBundleDisplayName = EditorJumperForXcodeXPCService;
				INFOPLIST_KEY_NSAppleEventsUsageDescription = "We need to control Xcode to retrieve the current file path.";
				INFOPLIST_KEY_NSHumanReadableCopyright = "";
				MARKETING_VERSION = 1.0;
				PRODUCT_BUNDLE_IDENTIFIER = "com.haroldgao.EditorJumper-X.EditorJumperForXcodeXPCService";
				PRODUCT_NAME = "$(TARGET_NAME)";
				REGISTER_APP_GROUPS = YES;
				SKIP_INSTALL = YES;
				SWIFT_EMIT_LOC_STRINGS = YES;
				SWIFT_VERSION = 5.0;
			};
			name = Debug;
		};
		CE35FEF22DE2BD14004D8104 /* Release */ = {
			isa = XCBuildConfiguration;
			buildSettings = {
				ARCHS = "$(ARCHS_STANDARD)";
				CODE_SIGN_ENTITLEMENTS = EditorJumperForXcodeXPCService/EditorJumperForXcodeXPCService.entitlements;
				CODE_SIGN_IDENTITY = "Apple Development";
				"CODE_SIGN_IDENTITY[sdk=macosx*]" = "Developer ID Application";
				CODE_SIGN_STYLE = Manual;
				COMBINE_HIDPI_IMAGES = YES;
				CURRENT_PROJECT_VERSION = 2;
				DEVELOPMENT_TEAM = "";
				"DEVELOPMENT_TEAM[sdk=macosx*]" = QRBH27G89X;
				ENABLE_HARDENED_RUNTIME = NO;
				GENERATE_INFOPLIST_FILE = YES;
				INFOPLIST_FILE = EditorJumperForXcodeXPCService/Info.plist;
				INFOPLIST_KEY_CFBundleDisplayName = EditorJumperForXcodeXPCService;
				INFOPLIST_KEY_NSAppleEventsUsageDescription = "We need to control Xcode to retrieve the current file path.";
				INFOPLIST_KEY_NSHumanReadableCopyright = "";
				MARKETING_VERSION = 1.0;
				PRODUCT_BUNDLE_IDENTIFIER = "com.haroldgao.EditorJumper-X.EditorJumperForXcodeXPCService";
				PRODUCT_NAME = "$(TARGET_NAME)";
				PROVISIONING_PROFILE_SPECIFIER = "";
				"PROVISIONING_PROFILE_SPECIFIER[sdk=macosx*]" = "Editor Jumper for Xcode - XPC Service";
				REGISTER_APP_GROUPS = YES;
				SKIP_INSTALL = YES;
				SWIFT_EMIT_LOC_STRINGS = YES;
				SWIFT_VERSION = 5.0;
			};
			name = Release;
		};
/* End XCBuildConfiguration section */

/* Begin XCConfigurationList section */
		CE35FE682DE06DA8004D8104 /* Build configuration list for PBXProject "EditorJumper-X" */ = {
			isa = XCConfigurationList;
			buildConfigurations = (
				CE35FE772DE06DA9004D8104 /* Debug */,
				CE35FE782DE06DA9004D8104 /* Release */,
			);
			defaultConfigurationIsVisible = 0;
			defaultConfigurationName = Release;
		};
		CE35FE792DE06DA9004D8104 /* Build configuration list for PBXNativeTarget "EditorJumper-X" */ = {
			isa = XCConfigurationList;
			buildConfigurations = (
				CE35FE7A2DE06DA9004D8104 /* Debug */,
				CE35FE7B2DE06DA9004D8104 /* Release */,
			);
			defaultConfigurationIsVisible = 0;
			defaultConfigurationName = Release;
		};
		CE35FEDA2DE2B2BB004D8104 /* Build configuration list for PBXNativeTarget "EditorJumperForXcode" */ = {
			isa = XCConfigurationList;
			buildConfigurations = (
				CE35FED72DE2B2BB004D8104 /* Debug */,
				CE35FED82DE2B2BB004D8104 /* Release */,
			);
			defaultConfigurationIsVisible = 0;
			defaultConfigurationName = Release;
		};
		CE35FEF02DE2BD14004D8104 /* Build configuration list for PBXNativeTarget "EditorJumperForXcodeXPCService" */ = {
			isa = XCConfigurationList;
			buildConfigurations = (
				CE35FEF12DE2BD14004D8104 /* Debug */,
				CE35FEF22DE2BD14004D8104 /* Release */,
			);
			defaultConfigurationIsVisible = 0;
			defaultConfigurationName = Release;
		};
/* End XCConfigurationList section */
	};
	rootObject = CE35FE652DE06DA8004D8104 /* Project object */;
}
